
Microsoft Visual Studio Solution File, Format Version 12.00
# Visual Studio Version 16
VisualStudioVersion = 16.0.30804.86
MinimumVisualStudioVersion = 10.0.40219.1
Project("{9A19103F-16F7-4668-BE54-9A1E7A4F7556}") = "CameraStreamingApp", "CameraStreamingApp\CameraStreamingApp.csproj", "{7F3FB733-CEA8-47EC-AC4E-44D02AA304F8}"
EndProject
Project("{9A19103F-16F7-4668-BE54-9A1E7A4F7556}") = "CameraStreamingApi", "CameraStreamingApi\CameraStreamingApi.csproj", "{EE446BFB-DC43-41C4-8FCB-08FC88CD608A}"
EndProject
Project("{9A19103F-16F7-4668-BE54-9A1E7A4F7556}") = "OnvifCamera", "OnvifCamera\OnvifCamera.csproj", "{B2DE0293-40D7-4D35-A1F9-97F2E8A19C19}"
EndProject
Project("{9A19103F-16F7-4668-BE54-9A1E7A4F7556}") = "OnvifCameraTestApp", "OnvifCameraTestApp\OnvifCameraTestApp.csproj", "{0B0EE34E-8B37-4893-A88D-C9B314E0AA8E}"
EndProject
Project("{9A19103F-16F7-4668-BE54-9A1E7A4F7556}") = "Boatcam5", "Boatcam5\Boatcam5.csproj", "{724B75D3-522D-49AC-AC0F-20FB45695B8D}"
EndProject
Global
	GlobalSection(SolutionConfigurationPlatforms) = preSolution
		Debug|Any CPU = Debug|Any CPU
		Release|Any CPU = Release|Any CPU
	EndGlobalSection
	GlobalSection(ProjectConfigurationPlatforms) = postSolution
		{7F3FB733-CEA8-47EC-AC4E-44D02AA304F8}.Debug|Any CPU.ActiveCfg = Debug|Any CPU
		{7F3FB733-CEA8-47EC-AC4E-44D02AA304F8}.Debug|Any CPU.Build.0 = Debug|Any CPU
		{7F3FB733-CEA8-47EC-AC4E-44D02AA304F8}.Release|Any CPU.ActiveCfg = Release|Any CPU
		{7F3FB733-CEA8-47EC-AC4E-44D02AA304F8}.Release|Any CPU.Build.0 = Release|Any CPU
		{EE446BFB-DC43-41C4-8FCB-08FC88CD608A}.Debug|Any CPU.ActiveCfg = Debug|Any CPU
		{EE446BFB-DC43-41C4-8FCB-08FC88CD608A}.Debug|Any CPU.Build.0 = Debug|Any CPU
		{EE446BFB-DC43-41C4-8FCB-08FC88CD608A}.Release|Any CPU.ActiveCfg = Release|Any CPU
		{EE446BFB-DC43-41C4-8FCB-08FC88CD608A}.Release|Any CPU.Build.0 = Release|Any CPU
		{B2DE0293-40D7-4D35-A1F9-97F2E8A19C19}.Debug|Any CPU.ActiveCfg = Debug|Any CPU
		{B2DE0293-40D7-4D35-A1F9-97F2E8A19C19}.Debug|Any CPU.Build.0 = Debug|Any CPU
		{B2DE0293-40D7-4D35-A1F9-97F2E8A19C19}.Release|Any CPU.ActiveCfg = Release|Any CPU
		{B2DE0293-40D7-4D35-A1F9-97F2E8A19C19}.Release|Any CPU.Build.0 = Release|Any CPU
		{0B0EE34E-8B37-4893-A88D-C9B314E0AA8E}.Debug|Any CPU.ActiveCfg = Debug|Any CPU
		{0B0EE34E-8B37-4893-A88D-C9B314E0AA8E}.Debug|Any CPU.Build.0 = Debug|Any CPU
		{0B0EE34E-8B37-4893-A88D-C9B314E0AA8E}.Release|Any CPU.ActiveCfg = Release|Any CPU
		{0B0EE34E-8B37-4893-A88D-C9B314E0AA8E}.Release|Any CPU.Build.0 = Release|Any CPU
		{724B75D3-522D-49AC-AC0F-20FB45695B8D}.Debug|Any CPU.ActiveCfg = Debug|Any CPU
		{724B75D3-522D-49AC-AC0F-20FB45695B8D}.Debug|Any CPU.Build.0 = Debug|Any CPU
		{724B75D3-522D-49AC-AC0F-20FB45695B8D}.Release|Any CPU.ActiveCfg = Release|Any CPU
		{724B75D3-522D-49AC-AC0F-20FB45695B8D}.Release|Any CPU.Build.0 = Release|Any CPU
	EndGlobalSection
	GlobalSection(SolutionProperties) = preSolution
		HideSolutionNode = FALSE
	EndGlobalSection
	GlobalSection(ExtensibilityGlobals) = postSolution
		SolutionGuid = {139DFF8E-7769-4899-912B-8D618A5F6E3F}
	EndGlobalSection
EndGlobal
